// !$*UTF8*$!
{
	archiveVersion = 1;
	classes = {
	};
	objectVersion = 56;
	objects = {

/* Begin PBXBuildFile section */
		D06455C82D70A98300317FBF /* login.swift in Sources */ = {isa = PBXBuildFile; fileRef = D06455C72D70A98300317FBF /* login.swift */; };
		D06455CA2D71DB7400317FBF /* search.swift in Sources */ = {isa = PBXBuildFile; fileRef = D06455C92D71DB7400317FBF /* search.swift */; };
		D06BC3502D8AEC5C00AA526E /* cateproduct.swift in Sources */ = {isa = PBXBuildFile; fileRef = D06BC34F2D8AEC5C00AA526E /* cateproduct.swift */; };
		D06BC3522D8AECB000AA526E /* fetchcateprouduct.swift in Sources */ = {isa = PBXBuildFile; fileRef = D06BC3512D8AECB000AA526E /* fetchcateprouduct.swift */; };
		D06BC3562D8C53C500AA526E /* productdetails.swift in Sources */ = {isa = PBXBuildFile; fileRef = D06BC3552D8C53C500AA526E /* productdetails.swift */; };
		D06EFB992D788D790085E0B1 /* profile.swift in Sources */ = {isa = PBXBuildFile; fileRef = D06EFB982D788D790085E0B1 /* profile.swift */; };
		D086E13B2D74918B00B68F35 /* products.swift in Sources */ = {isa = PBXBuildFile; fileRef = D086E13A2D74918B00B68F35 /* products.swift */; };
		D086E13F2D75DD2100B68F35 /* fetchcategoryhome.swift in Sources */ = {isa = PBXBuildFile; fileRef = D086E13E2D75DD2100B68F35 /* fetchcategoryhome.swift */; };
		D086E1452D77296700B68F35 /* Categoryhome.swift in Sources */ = {isa = PBXBuildFile; fileRef = D086E1442D77296700B68F35 /* Categoryhome.swift */; };
		D0A953E02D85D5EB00D3B4FE /* categoryproduct.swift in Sources */ = {isa = PBXBuildFile; fileRef = D0A953DF2D85D5EB00D3B4FE /* categoryproduct.swift */; };
		D0A953E52D85E18700D3B4FE /* fetchcategoryproduct.swift in Sources */ = {isa = PBXBuildFile; fileRef = D0A953E42D85E18700D3B4FE /* fetchcategoryproduct.swift */; };
		D0A953E72D85E79700D3B4FE /* home.swift in Sources */ = {isa = PBXBuildFile; fileRef = D0A953E62D85E79700D3B4FE /* home.swift */; };
		D0E5AF122D7082EB0056ABC7 /* geterApp.swift in Sources */ = {isa = PBXBuildFile; fileRef = D0E5AF112D7082EB0056ABC7 /* geterApp.swift */; };
		D0E5AF142D7082EB0056ABC7 /* ContentView.swift in Sources */ = {isa = PBXBuildFile; fileRef = D0E5AF132D7082EB0056ABC7 /* ContentView.swift */; };
		D0E5AF162D7082EC0056ABC7 /* Assets.xcassets in Resources */ = {isa = PBXBuildFile; fileRef = D0E5AF152D7082EC0056ABC7 /* Assets.xcassets */; };
		D0E5AF192D7082EC0056ABC7 /* Preview Assets.xcassets in Resources */ = {isa = PBXBuildFile; fileRef = D0E5AF182D7082EC0056ABC7 /* Preview Assets.xcassets */; };
/* End PBXBuildFile section */

/* Begin PBXFileReference section */
		D06455C72D70A98300317FBF /* login.swift */ = {isa = PBXFileReference; lastKnownFileType = sourcecode.swift; path = login.swift; sourceTree = "<group>"; };
		D06455C92D71DB7400317FBF /* search.swift */ = {isa = PBXFileReference; lastKnownFileType = sourcecode.swift; path = search.swift; sourceTree = "<group>"; };
		D06BC34F2D8AEC5C00AA526E /* cateproduct.swift */ = {isa = PBXFileReference; lastKnownFileType = sourcecode.swift; path = cateproduct.swift; sourceTree = "<group>"; };
		D06BC3512D8AECB000AA526E /* fetchcateprouduct.swift */ = {isa = PBXFileReference; lastKnownFileType = sourcecode.swift; path = fetchcateprouduct.swift; sourceTree = "<group>"; };
		D06BC3552D8C53C500AA526E /* productdetails.swift */ = {isa = PBXFileReference; lastKnownFileType = sourcecode.swift; path = productdetails.swift; sourceTree = "<group>"; };
		D06EFB982D788D790085E0B1 /* profile.swift */ = {isa = PBXFileReference; lastKnownFileType = sourcecode.swift; path = profile.swift; sourceTree = "<group>"; };
		D086E13A2D74918B00B68F35 /* products.swift */ = {isa = PBXFileReference; lastKnownFileType = sourcecode.swift; path = products.swift; sourceTree = "<group>"; };
		D086E13E2D75DD2100B68F35 /* fetchcategoryhome.swift */ = {isa = PBXFileReference; lastKnownFileType = sourcecode.swift; path = fetchcategoryhome.swift; sourceTree = "<group>"; };
		D086E1442D77296700B68F35 /* Categoryhome.swift */ = {isa = PBXFileReference; lastKnownFileType = sourcecode.swift; path = Categoryhome.swift; sourceTree = "<group>"; };
		D0A953DF2D85D5EB00D3B4FE /* categoryproduct.swift */ = {isa = PBXFileReference; lastKnownFileType = sourcecode.swift; path = categoryproduct.swift; sourceTree = "<group>"; };
		D0A953E42D85E18700D3B4FE /* fetchcategoryproduct.swift */ = {isa = PBXFileReference; lastKnownFileType = sourcecode.swift; path = fetchcategoryproduct.swift; sourceTree = "<group>"; };
		D0A953E62D85E79700D3B4FE /* home.swift */ = {isa = PBXFileReference; lastKnownFileType = sourcecode.swift; path = home.swift; sourceTree = "<group>"; };
		D0E5AF0E2D7082EB0056ABC7 /* geter.app */ = {isa = PBXFileReference; explicitFileType = wrapper.application; includeInIndex = 0; path = geter.app; sourceTree = BUILT_PRODUCTS_DIR; };
		D0E5AF112D7082EB0056ABC7 /* geterApp.swift */ = {isa = PBXFileReference; lastKnownFileType = sourcecode.swift; path = geterApp.swift; sourceTree = "<group>"; };
		D0E5AF132D7082EB0056ABC7 /* ContentView.swift */ = {isa = PBXFileReference; lastKnownFileType = sourcecode.swift; path = ContentView.swift; sourceTree = "<group>"; };
		D0E5AF152D7082EC0056ABC7 /* Assets.xcassets */ = {isa = PBXFileReference; lastKnownFileType = folder.assetcatalog; path = Assets.xcassets; sourceTree = "<group>"; };
		D0E5AF182D7082EC0056ABC7 /* Preview Assets.xcassets */ = {isa = PBXFileReference; lastKnownFileType = folder.assetcatalog; path = "Preview Assets.xcassets"; sourceTree = "<group>"; };
/* End PBXFileReference section */

/* Begin PBXFrameworksBuildPhase section */
		D0E5AF0B2D7082EB0056ABC7 /* Frameworks */ = {
			isa = PBXFrameworksBuildPhase;
			buildActionMask = 2147483647;
			files = (
			);
			runOnlyForDeploymentPostprocessing = 0;
		};
/* End PBXFrameworksBuildPhase section */

/* Begin PBXGroup section */
		D0E5AF052D7082EA0056ABC7 = {
			isa = PBXGroup;
			children = (
				D0E5AF102D7082EB0056ABC7 /* geter */,
				D0E5AF0F2D7082EB0056ABC7 /* Products */,
			);
			sourceTree = "<group>";
		};
		D0E5AF0F2D7082EB0056ABC7 /* Products */ = {
			isa = PBXGroup;
			children = (
				D0E5AF0E2D7082EB0056ABC7 /* geter.app */,
			);
			name = Products;
			sourceTree = "<group>";
		};
		D0E5AF102D7082EB0056ABC7 /* geter */ = {
			isa = PBXGroup;
			children = (
				D0E5AF112D7082EB0056ABC7 /* geterApp.swift */,
				D0E5AF132D7082EB0056ABC7 /* ContentView.swift */,
				D0E5AF152D7082EC0056ABC7 /* Assets.xcassets */,
				D0E5AF172D7082EC0056ABC7 /* Preview Content */,
				D06455C72D70A98300317FBF /* login.swift */,
				D06455C92D71DB7400317FBF /* search.swift */,
				D086E13A2D74918B00B68F35 /* products.swift */,
				D086E13E2D75DD2100B68F35 /* fetchcategoryhome.swift */,
				D086E1442D77296700B68F35 /* Categoryhome.swift */,
				D06EFB982D788D790085E0B1 /* profile.swift */,
				D0A953DF2D85D5EB00D3B4FE /* categoryproduct.swift */,
				D0A953E42D85E18700D3B4FE /* fetchcategoryproduct.swift */,
				D0A953E62D85E79700D3B4FE /* home.swift */,
				D06BC34F2D8AEC5C00AA526E /* cateproduct.swift */,
				D06BC3512D8AECB000AA526E /* fetchcateprouduct.swift */,
				D06BC3552D8C53C500AA526E /* productdetails.swift */,
			);
			path = geter;
			sourceTree = "<group>";
		};
		D0E5AF172D7082EC0056ABC7 /* Preview Content */ = {
			isa = PBXGroup;
			children = (
				D0E5AF182D7082EC0056ABC7 /* Preview Assets.xcassets */,
			);
			path = "Preview Content";
			sourceTree = "<group>";
		};
/* End PBXGroup section */

/* Begin PBXNativeTarget section */
		D0E5AF0D2D7082EB0056ABC7 /* geter */ = {
			isa = PBXNativeTarget;
			buildConfigurationList = D0E5AF1C2D7082EC0056ABC7 /* Build configuration list for PBXNativeTarget "geter" */;
			buildPhases = (
				D0E5AF0A2D7082EB0056ABC7 /* Sources */,
				D0E5AF0B2D7082EB0056ABC7 /* Frameworks */,
				D0E5AF0C2D7082EB0056ABC7 /* Resources */,
			);
			buildRules = (
			);
			dependencies = (
			);
			name = geter;
			productName = geter;
			productReference = D0E5AF0E2D7082EB0056ABC7 /* geter.app */;
			productType = "com.apple.product-type.application";
		};
/* End PBXNativeTarget section */

/* Begin PBXProject section */
		D0E5AF062D7082EA0056ABC7 /* Project object */ = {
			isa = PBXProject;
			attributes = {
				BuildIndependentTargetsInParallel = 1;
				LastSwiftUpdateCheck = 1400;
				LastUpgradeCheck = 1400;
				TargetAttributes = {
					D0E5AF0D2D7082EB0056ABC7 = {
						CreatedOnToolsVersion = 14.0.1;
					};
				};
			};
			buildConfigurationList = D0E5AF092D7082EA0056ABC7 /* Build configuration list for PBXProject "geter" */;
			compatibilityVersion = "Xcode 14.0";
			developmentRegion = en;
			hasScannedForEncodings = 0;
			knownRegions = (
				en,
				Base,
			);
			mainGroup = D0E5AF052D7082EA0056ABC7;
			productRefGroup = D0E5AF0F2D7082EB0056ABC7 /* Products */;
			projectDirPath = "";
			projectRoot = "";
			targets = (
				D0E5AF0D2D7082EB0056ABC7 /* geter */,
			);
		};
/* End PBXProject section */

/* Begin PBXResourcesBuildPhase section */
		D0E5AF0C2D7082EB0056ABC7 /* Resources */ = {
			isa = PBXResourcesBuildPhase;
			buildActionMask = 2147483647;
			files = (
				D0E5AF192D7082EC0056ABC7 /* Preview Assets.xcassets in Resources */,
				D0E5AF162D7082EC0056ABC7 /* Assets.xcassets in Resources */,
			);
			runOnlyForDeploymentPostprocessing = 0;
		};
/* End PBXResourcesBuildPhase section */

/* Begin PBXSourcesBuildPhase section */
		D0E5AF0A2D7082EB0056ABC7 /* Sources */ = {
			isa = PBXSourcesBuildPhase;
			buildActionMask = 2147483647;
			files = (
				D06EFB992D788D790085E0B1 /* profile.swift in Sources */,
				D0A953E02D85D5EB00D3B4FE /* categoryproduct.swift in Sources */,
				D06BC3502D8AEC5C00AA526E /* cateproduct.swift in Sources */,
				D086E1452D77296700B68F35 /* Categoryhome.swift in Sources */,
				D0E5AF142D7082EB0056ABC7 /* ContentView.swift in Sources */,
				D086E13B2D74918B00B68F35 /* products.swift in Sources */,
				D0A953E52D85E18700D3B4FE /* fetchcategoryproduct.swift in Sources */,
				D06455CA2D71DB7400317FBF /* search.swift in Sources */,
				D06BC3562D8C53C500AA526E /* productdetails.swift in Sources */,
				D06455C82D70A98300317FBF /* login.swift in Sources */,
				D06BC3522D8AECB000AA526E /* fetchcateprouduct.swift in Sources */,
				D0A953E72D85E79700D3B4FE /* home.swift in Sources */,
				D0E5AF122D7082EB0056ABC7 /* geterApp.swift in Sources */,
				D086E13F2D75DD2100B68F35 /* fetchcategoryhome.swift in Sources */,
			);
			runOnlyForDeploymentPostprocessing = 0;
		};
/* End PBXSourcesBuildPhase section */

/* Begin XCBuildConfiguration section */
		D0E5AF1A2D7082EC0056ABC7 /* Debug */ = {
			isa = XCBuildConfiguration;
			buildSettings = {
				ALWAYS_SEARCH_USER_PATHS = NO;
				CLANG_ANALYZER_NONNULL = YES;
				CLANG_ANALYZER_NUMBER_OBJECT_CONVERSION = YES_AGGRESSIVE;
				CLANG_CXX_LANGUAGE_STANDARD = "gnu++20";
				CLANG_ENABLE_MODULES = YES;
				CLANG_ENABLE_OBJC_ARC = YES;
				CLANG_ENABLE_OBJC_WEAK = YES;
				CLANG_WARN_BLOCK_CAPTURE_AUTORELEASING = YES;
				CLANG_WARN_BOOL_CONVERSION = YES;
				CLANG_WARN_COMMA = YES;
				CLANG_WARN_CONSTANT_CONVERSION = YES;
				CLANG_WARN_DEPRECATED_OBJC_IMPLEMENTATIONS = YES;
				CLANG_WARN_DIRECT_OBJC_ISA_USAGE = YES_ERROR;
				CLANG_WARN_DOCUMENTATION_COMMENTS = YES;
				CLANG_WARN_EMPTY_BODY = YES;
				CLANG_WARN_ENUM_CONVERSION = YES;
				CLANG_WARN_INFINITE_RECURSION = YES;
				CLANG_WARN_INT_CONVERSION = YES;
				CLANG_WARN_NON_LITERAL_NULL_CONVERSION = YES;
				CLANG_WARN_OBJC_IMPLICIT_RETAIN_SELF = YES;
				CLANG_WARN_OBJC_LITERAL_CONVERSION = YES;
				CLANG_WARN_OBJC_ROOT_CLASS = YES_ERROR;
				CLANG_WARN_QUOTED_INCLUDE_IN_FRAMEWORK_HEADER = YES;
				CLANG_WARN_RANGE_LOOP_ANALYSIS = YES;
				CLANG_WARN_STRICT_PROTOTYPES = YES;
				CLANG_WARN_SUSPICIOUS_MOVE = YES;
				CLANG_WARN_UNGUARDED_AVAILABILITY = YES_AGGRESSIVE;
				CLANG_WARN_UNREACHABLE_CODE = YES;
				CLANG_WARN__DUPLICATE_METHOD_MATCH = YES;
				COPY_PHASE_STRIP = NO;
				DEBUG_INFORMATION_FORMAT = dwarf;
				ENABLE_STRICT_OBJC_MSGSEND = YES;
				ENABLE_TESTABILITY = YES;
				GCC_C_LANGUAGE_STANDARD = gnu11;
				GCC_DYNAMIC_NO_PIC = NO;
				GCC_NO_COMMON_BLOCKS = YES;
				GCC_OPTIMIZATION_LEVEL = 0;
				GCC_PREPROCESSOR_DEFINITIONS = (
					"DEBUG=1",
					"$(inherited)",
				);
				GCC_WARN_64_TO_32_BIT_CONVERSION = YES;
				GCC_WARN_ABOUT_RETURN_TYPE = YES_ERROR;
				GCC_WARN_UNDECLARED_SELECTOR = YES;
				GCC_WARN_UNINITIALIZED_AUTOS = YES_AGGRESSIVE;
				GCC_WARN_UNUSED_FUNCTION = YES;
				GCC_WARN_UNUSED_VARIABLE = YES;
				IPHONEOS_DEPLOYMENT_TARGET = 16.0;
				MTL_ENABLE_DEBUG_INFO = INCLUDE_SOURCE;
				MTL_FAST_MATH = YES;
				ONLY_ACTIVE_ARCH = YES;
				SDKROOT = iphoneos;
				SWIFT_ACTIVE_COMPILATION_CONDITIONS = DEBUG;
				SWIFT_OPTIMIZATION_LEVEL = "-Onone";
			};
			name = Debug;
		};
		D0E5AF1B2D7082EC0056ABC7 /* Release */ = {
			isa = XCBuildConfiguration;
			buildSettings = {
				ALWAYS_SEARCH_USER_PATHS = NO;
				CLANG_ANALYZER_NONNULL = YES;
				CLANG_ANALYZER_NUMBER_OBJECT_CONVERSION = YES_AGGRESSIVE;
				CLANG_CXX_LANGUAGE_STANDARD = "gnu++20";
				CLANG_ENABLE_MODULES = YES;
				CLANG_ENABLE_OBJC_ARC = YES;
				CLANG_ENABLE_OBJC_WEAK = YES;
				CLANG_WARN_BLOCK_CAPTURE_AUTORELEASING = YES;
				CLANG_WARN_BOOL_CONVERSION = YES;
				CLANG_WARN_COMMA = YES;
				CLANG_WARN_CONSTANT_CONVERSION = YES;
				CLANG_WARN_DEPRECATED_OBJC_IMPLEMENTATIONS = YES;
				CLANG_WARN_DIRECT_OBJC_ISA_USAGE = YES_ERROR;
				CLANG_WARN_DOCUMENTATION_COMMENTS = YES;
				CLANG_WARN_EMPTY_BODY = YES;
				CLANG_WARN_ENUM_CONVERSION = YES;
				CLANG_WARN_INFINITE_RECURSION = YES;
				CLANG_WARN_INT_CONVERSION = YES;
				CLANG_WARN_NON_LITERAL_NULL_CONVERSION = YES;
				CLANG_WARN_OBJC_IMPLICIT_RETAIN_SELF = YES;
				CLANG_WARN_OBJC_LITERAL_CONVERSION = YES;
				CLANG_WARN_OBJC_ROOT_CLASS = YES_ERROR;
				CLANG_WARN_QUOTED_INCLUDE_IN_FRAMEWORK_HEADER = YES;
				CLANG_WARN_RANGE_LOOP_ANALYSIS = YES;
				CLANG_WARN_STRICT_PROTOTYPES = YES;
				CLANG_WARN_SUSPICIOUS_MOVE = YES;
				CLANG_WARN_UNGUARDED_AVAILABILITY = YES_AGGRESSIVE;
				CLANG_WARN_UNREACHABLE_CODE = YES;
				CLANG_WARN__DUPLICATE_METHOD_MATCH = YES;
				COPY_PHASE_STRIP = NO;
				DEBUG_INFORMATION_FORMAT = "dwarf-with-dsym";
				ENABLE_NS_ASSERTIONS = NO;
				ENABLE_STRICT_OBJC_MSGSEND = YES;
				GCC_C_LANGUAGE_STANDARD = gnu11;
				GCC_NO_COMMON_BLOCKS = YES;
				GCC_WARN_64_TO_32_BIT_CONVERSION = YES;
				GCC_WARN_ABOUT_RETURN_TYPE = YES_ERROR;
				GCC_WARN_UNDECLARED_SELECTOR = YES;
				GCC_WARN_UNINITIALIZED_AUTOS = YES_AGGRESSIVE;
				GCC_WARN_UNUSED_FUNCTION = YES;
				GCC_WARN_UNUSED_VARIABLE = YES;
				IPHONEOS_DEPLOYMENT_TARGET = 16.0;
				MTL_ENABLE_DEBUG_INFO = NO;
				MTL_FAST_MATH = YES;
				SDKROOT = iphoneos;
				SWIFT_COMPILATION_MODE = wholemodule;
				SWIFT_OPTIMIZATION_LEVEL = "-O";
				VALIDATE_PRODUCT = YES;
			};
			name = Release;
		};
		D0E5AF1D2D7082EC0056ABC7 /* Debug */ = {
			isa = XCBuildConfiguration;
			buildSettings = {
				ASSETCATALOG_COMPILER_APPICON_NAME = AppIcon;
				ASSETCATALOG_COMPILER_GLOBAL_ACCENT_COLOR_NAME = AccentColor;
				CODE_SIGN_STYLE = Automatic;
				CURRENT_PROJECT_VERSION = 1;
				DEVELOPMENT_ASSET_PATHS = "\"geter/Preview Content\"";
				ENABLE_PREVIEWS = YES;
				GENERATE_INFOPLIST_FILE = YES;
				INFOPLIST_KEY_UIApplicationSceneManifest_Generation = YES;
				INFOPLIST_KEY_UIApplicationSupportsIndirectInputEvents = YES;
				INFOPLIST_KEY_UILaunchScreen_Generation = YES;
				INFOPLIST_KEY_UISupportedInterfaceOrientations_iPad = "UIInterfaceOrientationPortrait UIInterfaceOrientationPortraitUpsideDown UIInterfaceOrientationLandscapeLeft UIInterfaceOrientationLandscapeRight";
				INFOPLIST_KEY_UISupportedInterfaceOrientations_iPhone = "UIInterfaceOrientationPortrait UIInterfaceOrientationLandscapeLeft UIInterfaceOrientationLandscapeRight";
				LD_RUNPATH_SEARCH_PATHS = (
					"$(inherited)",
					"@executable_path/Frameworks",
				);
				MARKETING_VERSION = 1.0;
				PRODUCT_BUNDLE_IDENTIFIER = com.myorganization.geter;
				PRODUCT_NAME = "$(TARGET_NAME)";
				SWIFT_EMIT_LOC_STRINGS = YES;
				SWIFT_VERSION = 5.0;
				TARGETED_DEVICE_FAMILY = "1,2";
			};
			name = Debug;
		};
		D0E5AF1E2D7082EC0056ABC7 /* Release */ = {
			isa = XCBuildConfiguration;
			buildSettings = {
				ASSETCATALOG_COMPILER_APPICON_NAME = AppIcon;
				ASSETCATALOG_COMPILER_GLOBAL_ACCENT_COLOR_NAME = AccentColor;
				CODE_SIGN_STYLE = Automatic;
				CURRENT_PROJECT_VERSION = 1;
				DEVELOPMENT_ASSET_PATHS = "\"geter/Preview Content\"";
				ENABLE_PREVIEWS = YES;
				GENERATE_INFOPLIST_FILE = YES;
				INFOPLIST_KEY_UIApplicationSceneManifest_Generation = YES;
				INFOPLIST_KEY_UIApplicationSupportsIndirectInputEvents = YES;
				INFOPLIST_KEY_UILaunchScreen_Generation = YES;
				INFOPLIST_KEY_UISupportedInterfaceOrientations_iPad = "UIInterfaceOrientationPortrait UIInterfaceOrientationPortraitUpsideDown UIInterfaceOrientationLandscapeLeft UIInterfaceOrientationLandscapeRight";
				INFOPLIST_KEY_UISupportedInterfaceOrientations_iPhone = "UIInterfaceOrientationPortrait UIInterfaceOrientationLandscapeLeft UIInterfaceOrientationLandscapeRight";
				LD_RUNPATH_SEARCH_PATHS = (
					"$(inherited)",
					"@executable_path/Frameworks",
				);
				MARKETING_VERSION = 1.0;
				PRODUCT_BUNDLE_IDENTIFIER = com.myorganization.geter;
				PRODUCT_NAME = "$(TARGET_NAME)";
				SWIFT_EMIT_LOC_STRINGS = YES;
				SWIFT_VERSION = 5.0;
				TARGETED_DEVICE_FAMILY = "1,2";
			};
			name = Release;
		};
/* End XCBuildConfiguration section */

/* Begin XCConfigurationList section */
		D0E5AF092D7082EA0056ABC7 /* Build configuration list for PBXProject "geter" */ = {
			isa = XCConfigurationList;
			buildConfigurations = (
				D0E5AF1A2D7082EC0056ABC7 /* Debug */,
				D0E5AF1B2D7082EC0056ABC7 /* Release */,
			);
			defaultConfigurationIsVisible = 0;
			defaultConfigurationName = Release;
		};
		D0E5AF1C2D7082EC0056ABC7 /* Build configuration list for PBXNativeTarget "geter" */ = {
			isa = XCConfigurationList;
			buildConfigurations = (
				D0E5AF1D2D7082EC0056ABC7 /* Debug */,
				D0E5AF1E2D7082EC0056ABC7 /* Release */,
			);
			defaultConfigurationIsVisible = 0;
			defaultConfigurationName = Release;
		};
/* End XCConfigurationList section */
	};
	rootObject = D0E5AF062D7082EA0056ABC7 /* Project object */;
}
